
Microsoft Visual Studio Solution File, Format Version 11.00
# Visual Studio 2010
Project("{FAE04EC0-301F-11D3-BF4B-00C04F79EFBC}") = "Assembly-CSharp", "Assembly-CSharp.csproj", "{BCAD255A-6769-AF5E-035D-6C8ABD41D804}"
EndProject
Project("{FAE04EC0-301F-11D3-BF4B-00C04F79EFBC}") = "Assembly-CSharp-Editor", "Assembly-CSharp-Editor.csproj", "{3CAC4117-FB43-637D-7999-600834D1A758}"
EndProject
Global
	GlobalSection(SolutionConfigurationPlatforms) = preSolution
		Debug|Any CPU = Debug|Any CPU
		Release|Any CPU = Release|Any CPU
	EndGlobalSection
	GlobalSection(ProjectConfigurationPlatforms) = postSolution
		{BCAD255A-6769-AF5E-035D-6C8ABD41D804}.Debug|Any CPU.ActiveCfg = Debug|Any CPU
		{BCAD255A-6769-AF5E-035D-6C8ABD41D804}.Debug|Any CPU.Build.0 = Debug|Any CPU
		{BCAD255A-6769-AF5E-035D-6C8ABD41D804}.Release|Any CPU.ActiveCfg = Release|Any CPU
		{BCAD255A-6769-AF5E-035D-6C8ABD41D804}.Release|Any CPU.Build.0 = Release|Any CPU
		{3CAC4117-FB43-637D-7999-600834D1A758}.Debug|Any CPU.ActiveCfg = Debug|Any CPU
		{3CAC4117-FB43-637D-7999-600834D1A758}.Debug|Any CPU.Build.0 = Debug|Any CPU
		{3CAC4117-FB43-637D-7999-600834D1A758}.Release|Any CPU.ActiveCfg = Release|Any CPU
		{3CAC4117-FB43-637D-7999-600834D1A758}.Release|Any CPU.Build.0 = Release|Any CPU
	EndGlobalSection
	GlobalSection(SolutionProperties) = preSolution
		HideSolutionNode = FALSE
	EndGlobalSection
	GlobalSection(MonoDevelopProperties) = preSolution
		StartupItem = Assembly-CSharp.csproj
	EndGlobalSection
EndGlobal
